
Microsoft Visual Studio Solution File, Format Version 12.00
# Visual Studio Version 16
VisualStudioVersion = 16.0.28922.388
MinimumVisualStudioVersion = 10.0.40219.1
Project("{FAE04EC0-301F-11D3-BF4B-00C04F79EFBC}") = "UAHEsportsDiscordSuite", "UAHEsportsDiscordSuite\UAHEsportsDiscordSuite.csproj", "{8523AA82-4457-48D1-8E48-7F2FF0D85E0C}"
EndProject
Global
	GlobalSection(SolutionConfigurationPlatforms) = preSolution
		Debug|Any CPU = Debug|Any CPU
		Release|Any CPU = Release|Any CPU
	EndGlobalSection
	GlobalSection(ProjectConfigurationPlatforms) = postSolution
		{8523AA82-4457-48D1-8E48-7F2FF0D85E0C}.Debug|Any CPU.ActiveCfg = Debug|Any CPU
		{8523AA82-4457-48D1-8E48-7F2FF0D85E0C}.Debug|Any CPU.Build.0 = Debug|Any CPU
		{8523AA82-4457-48D1-8E48-7F2FF0D85E0C}.Release|Any CPU.ActiveCfg = Release|Any CPU
		{8523AA82-4457-48D1-8E48-7F2FF0D85E0C}.Release|Any CPU.Build.0 = Release|Any CPU
	EndGlobalSection
	GlobalSection(SolutionProperties) = preSolution
		HideSolutionNode = FALSE
	EndGlobalSection
	GlobalSection(ExtensibilityGlobals) = postSolution
		SolutionGuid = {A211BA98-6CC4-45A1-8932-3C5FCC878063}
	EndGlobalSection
EndGlobal
